// !$*UTF8*$!
{
	archiveVersion = 1;
	classes = {
	};
	objectVersion = 48;
	objects = {

/* Begin PBXBuildFile section */
		63E2228B1FA896070002A398 /* GameService.swift in Sources */ = {isa = PBXBuildFile; fileRef = 63E2228A1FA896070002A398 /* GameService.swift */; };
		63E2228E1FA8976E0002A398 /* GameSceneObserver.swift in Sources */ = {isa = PBXBuildFile; fileRef = 63E2228D1FA8976E0002A398 /* GameSceneObserver.swift */; };
		63E222901FA89A200002A398 /* GameServiceImpl.swift in Sources */ = {isa = PBXBuildFile; fileRef = 63E2228F1FA89A200002A398 /* GameServiceImpl.swift */; };
		63F661231F9B346E0043ABCF /* AppDelegate.swift in Sources */ = {isa = PBXBuildFile; fileRef = 63F661221F9B346E0043ABCF /* AppDelegate.swift */; };
		63F661291F9B346E0043ABCF /* GameScene.swift in Sources */ = {isa = PBXBuildFile; fileRef = 63F661281F9B346E0043ABCF /* GameScene.swift */; };
		63F6612B1F9B346E0043ABCF /* GameViewController.swift in Sources */ = {isa = PBXBuildFile; fileRef = 63F6612A1F9B346E0043ABCF /* GameViewController.swift */; };
		63F6612E1F9B346E0043ABCF /* Main.storyboard in Resources */ = {isa = PBXBuildFile; fileRef = 63F6612C1F9B346E0043ABCF /* Main.storyboard */; };
		63F661331F9B346E0043ABCF /* LaunchScreen.storyboard in Resources */ = {isa = PBXBuildFile; fileRef = 63F661311F9B346E0043ABCF /* LaunchScreen.storyboard */; };
		63F661581F9B37A80043ABCF /* Level.swift in Sources */ = {isa = PBXBuildFile; fileRef = 63F661571F9B37A80043ABCF /* Level.swift */; };
		63F6615A1F9B39640043ABCF /* Tile.swift in Sources */ = {isa = PBXBuildFile; fileRef = 63F661591F9B39640043ABCF /* Tile.swift */; };
		63F6615C1F9B3B0B0043ABCF /* TileType.swift in Sources */ = {isa = PBXBuildFile; fileRef = 63F6615B1F9B3B0B0043ABCF /* TileType.swift */; };
		63F6615E1F9B41B30043ABCF /* LevelTest.swift in Sources */ = {isa = PBXBuildFile; fileRef = 63F6615D1F9B41B30043ABCF /* LevelTest.swift */; };
		63F661611F9B48250043ABCF /* GameFieldServiceTest.swift in Sources */ = {isa = PBXBuildFile; fileRef = 63F661601F9B48250043ABCF /* GameFieldServiceTest.swift */; };
		63F661641F9B4C6C0043ABCF /* LevelTranslator.swift in Sources */ = {isa = PBXBuildFile; fileRef = 63F661631F9B4C6C0043ABCF /* LevelTranslator.swift */; };
		63F661661F9B53A30043ABCF /* TileCharacterMapping.swift in Sources */ = {isa = PBXBuildFile; fileRef = 63F661651F9B53A30043ABCF /* TileCharacterMapping.swift */; };
		63F661681F9B88440043ABCF /* LevelTranslatorTest.swift in Sources */ = {isa = PBXBuildFile; fileRef = 63F661671F9B88440043ABCF /* LevelTranslatorTest.swift */; };
		63F6616A1F9B94380043ABCF /* GameEndService.swift in Sources */ = {isa = PBXBuildFile; fileRef = 63F661691F9B94380043ABCF /* GameEndService.swift */; };
		63F6616D1F9B96420043ABCF /* PathState.swift in Sources */ = {isa = PBXBuildFile; fileRef = 63F6616C1F9B96420043ABCF /* PathState.swift */; };
		63F661721F9BA9D60043ABCF /* GameFieldService.swift in Sources */ = {isa = PBXBuildFile; fileRef = 63F661711F9BA9D60043ABCF /* GameFieldService.swift */; };
		64CA8A511FA79936009BDBC2 /* FileHandler.swift in Sources */ = {isa = PBXBuildFile; fileRef = 64CA8A501FA79936009BDBC2 /* FileHandler.swift */; };
		64CA8A581FA7BE3A009BDBC2 /* Assets.xcassets in Resources */ = {isa = PBXBuildFile; fileRef = 64CA8A571FA7BE39009BDBC2 /* Assets.xcassets */; };
		64CA8A591FA7BE3A009BDBC2 /* Assets.xcassets in Resources */ = {isa = PBXBuildFile; fileRef = 64CA8A571FA7BE39009BDBC2 /* Assets.xcassets */; };
		64CA8A691FA7C569009BDBC2 /* levels in Resources */ = {isa = PBXBuildFile; fileRef = 64CA8A681FA7C568009BDBC2 /* levels */; };
		64CA8A6A1FA7C569009BDBC2 /* levels in Resources */ = {isa = PBXBuildFile; fileRef = 64CA8A681FA7C568009BDBC2 /* levels */; };
		64CA8A6C1FA7C605009BDBC2 /* FileHandlerTest.swift in Sources */ = {isa = PBXBuildFile; fileRef = 64CA8A6B1FA7C605009BDBC2 /* FileHandlerTest.swift */; };
		64CA8A6E1FA89654009BDBC2 /* LevelService.swift in Sources */ = {isa = PBXBuildFile; fileRef = 64CA8A6D1FA89654009BDBC2 /* LevelService.swift */; };
		64CA8A701FA89AD4009BDBC2 /* LevelInfo.swift in Sources */ = {isa = PBXBuildFile; fileRef = 64CA8A6F1FA89AD4009BDBC2 /* LevelInfo.swift */; };
		64CA8A741FA8B179009BDBC2 /* LevelResult.swift in Sources */ = {isa = PBXBuildFile; fileRef = 64CA8A731FA8B179009BDBC2 /* LevelResult.swift */; };
		D4CB84D81F9BA2BF001AB1E3 /* ResourceMapper.swift in Sources */ = {isa = PBXBuildFile; fileRef = D4CB84D71F9BA2BF001AB1E3 /* ResourceMapper.swift */; };
/* End PBXBuildFile section */

/* Begin PBXContainerItemProxy section */
		63F6613A1F9B346E0043ABCF /* PBXContainerItemProxy */ = {
			isa = PBXContainerItemProxy;
			containerPortal = 63F661171F9B346E0043ABCF /* Project object */;
			proxyType = 1;
			remoteGlobalIDString = 63F6611E1F9B346E0043ABCF;
			remoteInfo = SOPA;
		};
/* End PBXContainerItemProxy section */

/* Begin PBXFileReference section */
		63E2228A1FA896070002A398 /* GameService.swift */ = {isa = PBXFileReference; lastKnownFileType = sourcecode.swift; path = GameService.swift; sourceTree = "<group>"; };
		63E2228D1FA8976E0002A398 /* GameSceneObserver.swift */ = {isa = PBXFileReference; lastKnownFileType = sourcecode.swift; path = GameSceneObserver.swift; sourceTree = "<group>"; };
		63E2228F1FA89A200002A398 /* GameServiceImpl.swift */ = {isa = PBXFileReference; lastKnownFileType = sourcecode.swift; path = GameServiceImpl.swift; sourceTree = "<group>"; };
		63F6611F1F9B346E0043ABCF /* SOPA.app */ = {isa = PBXFileReference; explicitFileType = wrapper.application; includeInIndex = 0; path = SOPA.app; sourceTree = BUILT_PRODUCTS_DIR; };
		63F661221F9B346E0043ABCF /* AppDelegate.swift */ = {isa = PBXFileReference; lastKnownFileType = sourcecode.swift; path = AppDelegate.swift; sourceTree = "<group>"; };
		63F661281F9B346E0043ABCF /* GameScene.swift */ = {isa = PBXFileReference; lastKnownFileType = sourcecode.swift; path = GameScene.swift; sourceTree = "<group>"; };
		63F6612A1F9B346E0043ABCF /* GameViewController.swift */ = {isa = PBXFileReference; lastKnownFileType = sourcecode.swift; path = GameViewController.swift; sourceTree = "<group>"; };
		63F6612D1F9B346E0043ABCF /* Base */ = {isa = PBXFileReference; lastKnownFileType = file.storyboard; name = Base; path = Base.lproj/Main.storyboard; sourceTree = "<group>"; };
		63F661321F9B346E0043ABCF /* Base */ = {isa = PBXFileReference; lastKnownFileType = file.storyboard; name = Base; path = Base.lproj/LaunchScreen.storyboard; sourceTree = "<group>"; };
		63F661341F9B346E0043ABCF /* Info.plist */ = {isa = PBXFileReference; lastKnownFileType = text.plist.xml; path = Info.plist; sourceTree = "<group>"; };
		63F661391F9B346E0043ABCF /* SOPATests.xctest */ = {isa = PBXFileReference; explicitFileType = wrapper.cfbundle; includeInIndex = 0; path = SOPATests.xctest; sourceTree = BUILT_PRODUCTS_DIR; };
		63F6613F1F9B346E0043ABCF /* Info.plist */ = {isa = PBXFileReference; lastKnownFileType = text.plist.xml; path = Info.plist; sourceTree = "<group>"; };
		63F661571F9B37A80043ABCF /* Level.swift */ = {isa = PBXFileReference; lastKnownFileType = sourcecode.swift; path = Level.swift; sourceTree = "<group>"; };
		63F661591F9B39640043ABCF /* Tile.swift */ = {isa = PBXFileReference; lastKnownFileType = sourcecode.swift; path = Tile.swift; sourceTree = "<group>"; };
		63F6615B1F9B3B0B0043ABCF /* TileType.swift */ = {isa = PBXFileReference; lastKnownFileType = sourcecode.swift; path = TileType.swift; sourceTree = "<group>"; };
		63F6615D1F9B41B30043ABCF /* LevelTest.swift */ = {isa = PBXFileReference; lastKnownFileType = sourcecode.swift; path = LevelTest.swift; sourceTree = "<group>"; };
		63F661601F9B48250043ABCF /* GameFieldServiceTest.swift */ = {isa = PBXFileReference; lastKnownFileType = sourcecode.swift; path = GameFieldServiceTest.swift; sourceTree = "<group>"; };
		63F661631F9B4C6C0043ABCF /* LevelTranslator.swift */ = {isa = PBXFileReference; lastKnownFileType = sourcecode.swift; path = LevelTranslator.swift; sourceTree = "<group>"; };
		63F661651F9B53A30043ABCF /* TileCharacterMapping.swift */ = {isa = PBXFileReference; lastKnownFileType = sourcecode.swift; path = TileCharacterMapping.swift; sourceTree = "<group>"; };
		63F661671F9B88440043ABCF /* LevelTranslatorTest.swift */ = {isa = PBXFileReference; lastKnownFileType = sourcecode.swift; path = LevelTranslatorTest.swift; sourceTree = "<group>"; };
		63F661691F9B94380043ABCF /* GameEndService.swift */ = {isa = PBXFileReference; lastKnownFileType = sourcecode.swift; path = GameEndService.swift; sourceTree = "<group>"; };
		63F6616C1F9B96420043ABCF /* PathState.swift */ = {isa = PBXFileReference; lastKnownFileType = sourcecode.swift; path = PathState.swift; sourceTree = "<group>"; };
		63F661711F9BA9D60043ABCF /* GameFieldService.swift */ = {isa = PBXFileReference; lastKnownFileType = sourcecode.swift; path = GameFieldService.swift; sourceTree = "<group>"; };
		64CA8A501FA79936009BDBC2 /* FileHandler.swift */ = {isa = PBXFileReference; lastKnownFileType = sourcecode.swift; path = FileHandler.swift; sourceTree = "<group>"; };
		64CA8A571FA7BE39009BDBC2 /* Assets.xcassets */ = {isa = PBXFileReference; lastKnownFileType = folder.assetcatalog; path = Assets.xcassets; sourceTree = "<group>"; };
		64CA8A681FA7C568009BDBC2 /* levels */ = {isa = PBXFileReference; lastKnownFileType = folder; path = levels; sourceTree = "<group>"; };
		64CA8A6B1FA7C605009BDBC2 /* FileHandlerTest.swift */ = {isa = PBXFileReference; lastKnownFileType = sourcecode.swift; path = FileHandlerTest.swift; sourceTree = "<group>"; };
		64CA8A6D1FA89654009BDBC2 /* LevelService.swift */ = {isa = PBXFileReference; lastKnownFileType = sourcecode.swift; path = LevelService.swift; sourceTree = "<group>"; };
		64CA8A6F1FA89AD4009BDBC2 /* LevelInfo.swift */ = {isa = PBXFileReference; lastKnownFileType = sourcecode.swift; path = LevelInfo.swift; sourceTree = "<group>"; };
		64CA8A731FA8B179009BDBC2 /* LevelResult.swift */ = {isa = PBXFileReference; lastKnownFileType = sourcecode.swift; path = LevelResult.swift; sourceTree = "<group>"; };
		D4CB84D71F9BA2BF001AB1E3 /* ResourceMapper.swift */ = {isa = PBXFileReference; lastKnownFileType = sourcecode.swift; path = ResourceMapper.swift; sourceTree = "<group>"; };
/* End PBXFileReference section */

/* Begin PBXFrameworksBuildPhase section */
		63F6611C1F9B346E0043ABCF /* Frameworks */ = {
			isa = PBXFrameworksBuildPhase;
			buildActionMask = 2147483647;
			files = (
			);
			runOnlyForDeploymentPostprocessing = 0;
		};
		63F661361F9B346E0043ABCF /* Frameworks */ = {
			isa = PBXFrameworksBuildPhase;
			buildActionMask = 2147483647;
			files = (
			);
			runOnlyForDeploymentPostprocessing = 0;
		};
/* End PBXFrameworksBuildPhase section */

/* Begin PBXGroup section */
		63E2228C1FA8974A0002A398 /* observer */ = {
			isa = PBXGroup;
			children = (
				63E2228D1FA8976E0002A398 /* GameSceneObserver.swift */,
			);
			path = observer;
			sourceTree = "<group>";
		};
		63F661161F9B346E0043ABCF = {
			isa = PBXGroup;
			children = (
				63F661211F9B346E0043ABCF /* SOPA */,
				63F6613C1F9B346E0043ABCF /* SOPATests */,
				63F661201F9B346E0043ABCF /* Products */,
			);
			sourceTree = "<group>";
		};
		63F661201F9B346E0043ABCF /* Products */ = {
			isa = PBXGroup;
			children = (
				63F6611F1F9B346E0043ABCF /* SOPA.app */,
				63F661391F9B346E0043ABCF /* SOPATests.xctest */,
			);
			name = Products;
			sourceTree = "<group>";
		};
		63F661211F9B346E0043ABCF /* SOPA */ = {
			isa = PBXGroup;
			children = (
				63E2228C1FA8974A0002A398 /* observer */,
				64CA8A681FA7C568009BDBC2 /* levels */,
				D4CB84D61F9BA25C001AB1E3 /* controller */,
				D4CB84D51F9BA23E001AB1E3 /* view */,
				63F661621F9B4C450043ABCF /* helper */,
				63F661561F9B37040043ABCF /* model */,
				63F661221F9B346E0043ABCF /* AppDelegate.swift */,
				63F6612C1F9B346E0043ABCF /* Main.storyboard */,
				64CA8A571FA7BE39009BDBC2 /* Assets.xcassets */,
				63F661311F9B346E0043ABCF /* LaunchScreen.storyboard */,
				63F661341F9B346E0043ABCF /* Info.plist */,
			);
			path = SOPA;
			sourceTree = "<group>";
		};
		63F6613C1F9B346E0043ABCF /* SOPATests */ = {
			isa = PBXGroup;
			children = (
				63F6615F1F9B48000043ABCF /* model */,
				63F6613F1F9B346E0043ABCF /* Info.plist */,
				63F6615D1F9B41B30043ABCF /* LevelTest.swift */,
			);
			path = SOPATests;
			sourceTree = "<group>";
		};
		63F661561F9B37040043ABCF /* model */ = {
			isa = PBXGroup;
			children = (
				63F6616B1F9B961A0043ABCF /* game */,
			);
			path = model;
			sourceTree = "<group>";
		};
		63F6615F1F9B48000043ABCF /* model */ = {
			isa = PBXGroup;
			children = (
				63F6616E1F9BA61D0043ABCF /* game */,
			);
			path = model;
			sourceTree = "<group>";
		};
		63F661621F9B4C450043ABCF /* helper */ = {
			isa = PBXGroup;
			children = (
				63F661631F9B4C6C0043ABCF /* LevelTranslator.swift */,
				63F661651F9B53A30043ABCF /* TileCharacterMapping.swift */,
				64CA8A501FA79936009BDBC2 /* FileHandler.swift */,
				64CA8A6D1FA89654009BDBC2 /* LevelService.swift */,
			);
			path = helper;
			sourceTree = "<group>";
		};
		63F6616B1F9B961A0043ABCF /* game */ = {
			isa = PBXGroup;
			children = (
				63F661571F9B37A80043ABCF /* Level.swift */,
				63F661591F9B39640043ABCF /* Tile.swift */,
				63F6615B1F9B3B0B0043ABCF /* TileType.swift */,
				63F661691F9B94380043ABCF /* GameEndService.swift */,
				63F6616C1F9B96420043ABCF /* PathState.swift */,
				63F661711F9BA9D60043ABCF /* GameFieldService.swift */,
				64CA8A6F1FA89AD4009BDBC2 /* LevelInfo.swift */,
				64CA8A731FA8B179009BDBC2 /* LevelResult.swift */,
				63E2228A1FA896070002A398 /* GameService.swift */,
				63E2228F1FA89A200002A398 /* GameServiceImpl.swift */,
			);
			path = game;
			sourceTree = "<group>";
		};
		63F6616E1F9BA61D0043ABCF /* game */ = {
			isa = PBXGroup;
			children = (
				63F661601F9B48250043ABCF /* GameFieldServiceTest.swift */,
				63F661671F9B88440043ABCF /* LevelTranslatorTest.swift */,
				64CA8A6B1FA7C605009BDBC2 /* FileHandlerTest.swift */,
			);
			path = game;
			sourceTree = "<group>";
		};
		D4CB84D51F9BA23E001AB1E3 /* view */ = {
			isa = PBXGroup;
			children = (
				63F661281F9B346E0043ABCF /* GameScene.swift */,
			);
			path = view;
			sourceTree = "<group>";
		};
		D4CB84D61F9BA25C001AB1E3 /* controller */ = {
			isa = PBXGroup;
			children = (
				63F6612A1F9B346E0043ABCF /* GameViewController.swift */,
				D4CB84D71F9BA2BF001AB1E3 /* ResourceMapper.swift */,
			);
			path = controller;
			sourceTree = "<group>";
		};
/* End PBXGroup section */

/* Begin PBXNativeTarget section */
		63F6611E1F9B346E0043ABCF /* SOPA */ = {
			isa = PBXNativeTarget;
			buildConfigurationList = 63F6614D1F9B346E0043ABCF /* Build configuration list for PBXNativeTarget "SOPA" */;
			buildPhases = (
				63F6611B1F9B346E0043ABCF /* Sources */,
				63F6611C1F9B346E0043ABCF /* Frameworks */,
				63F6611D1F9B346E0043ABCF /* Resources */,
			);
			buildRules = (
			);
			dependencies = (
			);
			name = SOPA;
			productName = SOPA;
			productReference = 63F6611F1F9B346E0043ABCF /* SOPA.app */;
			productType = "com.apple.product-type.application";
		};
		63F661381F9B346E0043ABCF /* SOPATests */ = {
			isa = PBXNativeTarget;
			buildConfigurationList = 63F661501F9B346E0043ABCF /* Build configuration list for PBXNativeTarget "SOPATests" */;
			buildPhases = (
				63F661351F9B346E0043ABCF /* Sources */,
				63F661361F9B346E0043ABCF /* Frameworks */,
				63F661371F9B346E0043ABCF /* Resources */,
			);
			buildRules = (
			);
			dependencies = (
				63F6613B1F9B346E0043ABCF /* PBXTargetDependency */,
			);
			name = SOPATests;
			productName = SOPATests;
			productReference = 63F661391F9B346E0043ABCF /* SOPATests.xctest */;
			productType = "com.apple.product-type.bundle.unit-test";
		};
/* End PBXNativeTarget section */

/* Begin PBXProject section */
		63F661171F9B346E0043ABCF /* Project object */ = {
			isa = PBXProject;
			attributes = {
				LastSwiftUpdateCheck = 0900;
				LastUpgradeCheck = 0900;
				ORGANIZATIONNAME = "David Schilling";
				TargetAttributes = {
					63F6611E1F9B346E0043ABCF = {
						CreatedOnToolsVersion = 9.0;
						ProvisioningStyle = Automatic;
					};
					63F661381F9B346E0043ABCF = {
						CreatedOnToolsVersion = 9.0;
						ProvisioningStyle = Automatic;
						TestTargetID = 63F6611E1F9B346E0043ABCF;
					};
				};
			};
			buildConfigurationList = 63F6611A1F9B346E0043ABCF /* Build configuration list for PBXProject "SOPA" */;
			compatibilityVersion = "Xcode 8.0";
			developmentRegion = en;
			hasScannedForEncodings = 0;
			knownRegions = (
				en,
				Base,
			);
			mainGroup = 63F661161F9B346E0043ABCF;
			productRefGroup = 63F661201F9B346E0043ABCF /* Products */;
			projectDirPath = "";
			projectRoot = "";
			targets = (
				63F6611E1F9B346E0043ABCF /* SOPA */,
				63F661381F9B346E0043ABCF /* SOPATests */,
			);
		};
/* End PBXProject section */

/* Begin PBXResourcesBuildPhase section */
		63F6611D1F9B346E0043ABCF /* Resources */ = {
			isa = PBXResourcesBuildPhase;
			buildActionMask = 2147483647;
			files = (
				63F6612E1F9B346E0043ABCF /* Main.storyboard in Resources */,
				64CA8A691FA7C569009BDBC2 /* levels in Resources */,
				64CA8A581FA7BE3A009BDBC2 /* Assets.xcassets in Resources */,
				63F661331F9B346E0043ABCF /* LaunchScreen.storyboard in Resources */,
			);
			runOnlyForDeploymentPostprocessing = 0;
		};
		63F661371F9B346E0043ABCF /* Resources */ = {
			isa = PBXResourcesBuildPhase;
			buildActionMask = 2147483647;
			files = (
				64CA8A591FA7BE3A009BDBC2 /* Assets.xcassets in Resources */,
				64CA8A6A1FA7C569009BDBC2 /* levels in Resources */,
			);
			runOnlyForDeploymentPostprocessing = 0;
		};
/* End PBXResourcesBuildPhase section */

/* Begin PBXSourcesBuildPhase section */
		63F6611B1F9B346E0043ABCF /* Sources */ = {
			isa = PBXSourcesBuildPhase;
			buildActionMask = 2147483647;
			files = (
				63F661721F9BA9D60043ABCF /* GameFieldService.swift in Sources */,
				63E2228B1FA896070002A398 /* GameService.swift in Sources */,
				63F661291F9B346E0043ABCF /* GameScene.swift in Sources */,
				63F6612B1F9B346E0043ABCF /* GameViewController.swift in Sources */,
				64CA8A741FA8B179009BDBC2 /* LevelResult.swift in Sources */,
				63F6616A1F9B94380043ABCF /* GameEndService.swift in Sources */,
				63F661641F9B4C6C0043ABCF /* LevelTranslator.swift in Sources */,
				63F6616D1F9B96420043ABCF /* PathState.swift in Sources */,
				63F6615A1F9B39640043ABCF /* Tile.swift in Sources */,
				D4CB84D81F9BA2BF001AB1E3 /* ResourceMapper.swift in Sources */,
				64CA8A511FA79936009BDBC2 /* FileHandler.swift in Sources */,
				63F661661F9B53A30043ABCF /* TileCharacterMapping.swift in Sources */,
				64CA8A701FA89AD4009BDBC2 /* LevelInfo.swift in Sources */,
				64CA8A6E1FA89654009BDBC2 /* LevelService.swift in Sources */,
				63F661581F9B37A80043ABCF /* Level.swift in Sources */,
				63E2228E1FA8976E0002A398 /* GameSceneObserver.swift in Sources */,
				63E222901FA89A200002A398 /* GameServiceImpl.swift in Sources */,
				63F661231F9B346E0043ABCF /* AppDelegate.swift in Sources */,
				63F6615C1F9B3B0B0043ABCF /* TileType.swift in Sources */,
			);
			runOnlyForDeploymentPostprocessing = 0;
		};
		63F661351F9B346E0043ABCF /* Sources */ = {
			isa = PBXSourcesBuildPhase;
			buildActionMask = 2147483647;
			files = (
				63F661611F9B48250043ABCF /* GameFieldServiceTest.swift in Sources */,
				63F6615E1F9B41B30043ABCF /* LevelTest.swift in Sources */,
				64CA8A6C1FA7C605009BDBC2 /* FileHandlerTest.swift in Sources */,
				63F661681F9B88440043ABCF /* LevelTranslatorTest.swift in Sources */,
			);
			runOnlyForDeploymentPostprocessing = 0;
		};
/* End PBXSourcesBuildPhase section */

/* Begin PBXTargetDependency section */
		63F6613B1F9B346E0043ABCF /* PBXTargetDependency */ = {
			isa = PBXTargetDependency;
			target = 63F6611E1F9B346E0043ABCF /* SOPA */;
			targetProxy = 63F6613A1F9B346E0043ABCF /* PBXContainerItemProxy */;
		};
/* End PBXTargetDependency section */

/* Begin PBXVariantGroup section */
		63F6612C1F9B346E0043ABCF /* Main.storyboard */ = {
			isa = PBXVariantGroup;
			children = (
				63F6612D1F9B346E0043ABCF /* Base */,
			);
			name = Main.storyboard;
			sourceTree = "<group>";
		};
		63F661311F9B346E0043ABCF /* LaunchScreen.storyboard */ = {
			isa = PBXVariantGroup;
			children = (
				63F661321F9B346E0043ABCF /* Base */,
			);
			name = LaunchScreen.storyboard;
			sourceTree = "<group>";
		};
/* End PBXVariantGroup section */

/* Begin XCBuildConfiguration section */
		63F6614B1F9B346E0043ABCF /* Debug */ = {
			isa = XCBuildConfiguration;
			buildSettings = {
				ALWAYS_SEARCH_USER_PATHS = NO;
				CLANG_ANALYZER_NONNULL = YES;
				CLANG_ANALYZER_NUMBER_OBJECT_CONVERSION = YES_AGGRESSIVE;
				CLANG_CXX_LANGUAGE_STANDARD = "gnu++14";
				CLANG_CXX_LIBRARY = "libc++";
				CLANG_ENABLE_MODULES = YES;
				CLANG_ENABLE_OBJC_ARC = YES;
				CLANG_WARN_BLOCK_CAPTURE_AUTORELEASING = YES;
				CLANG_WARN_BOOL_CONVERSION = YES;
				CLANG_WARN_COMMA = YES;
				CLANG_WARN_CONSTANT_CONVERSION = YES;
				CLANG_WARN_DIRECT_OBJC_ISA_USAGE = YES_ERROR;
				CLANG_WARN_DOCUMENTATION_COMMENTS = YES;
				CLANG_WARN_EMPTY_BODY = YES;
				CLANG_WARN_ENUM_CONVERSION = YES;
				CLANG_WARN_INFINITE_RECURSION = YES;
				CLANG_WARN_INT_CONVERSION = YES;
				CLANG_WARN_NON_LITERAL_NULL_CONVERSION = YES;
				CLANG_WARN_OBJC_LITERAL_CONVERSION = YES;
				CLANG_WARN_OBJC_ROOT_CLASS = YES_ERROR;
				CLANG_WARN_RANGE_LOOP_ANALYSIS = YES;
				CLANG_WARN_STRICT_PROTOTYPES = YES;
				CLANG_WARN_SUSPICIOUS_MOVE = YES;
				CLANG_WARN_UNGUARDED_AVAILABILITY = YES_AGGRESSIVE;
				CLANG_WARN_UNREACHABLE_CODE = YES;
				CLANG_WARN__DUPLICATE_METHOD_MATCH = YES;
				CODE_SIGN_IDENTITY = "iPhone Developer";
				COPY_PHASE_STRIP = NO;
				DEBUG_INFORMATION_FORMAT = dwarf;
				ENABLE_STRICT_OBJC_MSGSEND = YES;
				ENABLE_TESTABILITY = YES;
				GCC_C_LANGUAGE_STANDARD = gnu11;
				GCC_DYNAMIC_NO_PIC = NO;
				GCC_NO_COMMON_BLOCKS = YES;
				GCC_OPTIMIZATION_LEVEL = 0;
				GCC_PREPROCESSOR_DEFINITIONS = (
					"DEBUG=1",
					"$(inherited)",
				);
				GCC_WARN_64_TO_32_BIT_CONVERSION = YES;
				GCC_WARN_ABOUT_RETURN_TYPE = YES_ERROR;
				GCC_WARN_UNDECLARED_SELECTOR = YES;
				GCC_WARN_UNINITIALIZED_AUTOS = YES_AGGRESSIVE;
				GCC_WARN_UNUSED_FUNCTION = YES;
				GCC_WARN_UNUSED_VARIABLE = YES;
				IPHONEOS_DEPLOYMENT_TARGET = 11.0;
				MTL_ENABLE_DEBUG_INFO = YES;
				ONLY_ACTIVE_ARCH = YES;
				SDKROOT = iphoneos;
				SWIFT_ACTIVE_COMPILATION_CONDITIONS = DEBUG;
				SWIFT_OPTIMIZATION_LEVEL = "-Onone";
			};
			name = Debug;
		};
		63F6614C1F9B346E0043ABCF /* Release */ = {
			isa = XCBuildConfiguration;
			buildSettings = {
				ALWAYS_SEARCH_USER_PATHS = NO;
				CLANG_ANALYZER_NONNULL = YES;
				CLANG_ANALYZER_NUMBER_OBJECT_CONVERSION = YES_AGGRESSIVE;
				CLANG_CXX_LANGUAGE_STANDARD = "gnu++14";
				CLANG_CXX_LIBRARY = "libc++";
				CLANG_ENABLE_MODULES = YES;
				CLANG_ENABLE_OBJC_ARC = YES;
				CLANG_WARN_BLOCK_CAPTURE_AUTORELEASING = YES;
				CLANG_WARN_BOOL_CONVERSION = YES;
				CLANG_WARN_COMMA = YES;
				CLANG_WARN_CONSTANT_CONVERSION = YES;
				CLANG_WARN_DIRECT_OBJC_ISA_USAGE = YES_ERROR;
				CLANG_WARN_DOCUMENTATION_COMMENTS = YES;
				CLANG_WARN_EMPTY_BODY = YES;
				CLANG_WARN_ENUM_CONVERSION = YES;
				CLANG_WARN_INFINITE_RECURSION = YES;
				CLANG_WARN_INT_CONVERSION = YES;
				CLANG_WARN_NON_LITERAL_NULL_CONVERSION = YES;
				CLANG_WARN_OBJC_LITERAL_CONVERSION = YES;
				CLANG_WARN_OBJC_ROOT_CLASS = YES_ERROR;
				CLANG_WARN_RANGE_LOOP_ANALYSIS = YES;
				CLANG_WARN_STRICT_PROTOTYPES = YES;
				CLANG_WARN_SUSPICIOUS_MOVE = YES;
				CLANG_WARN_UNGUARDED_AVAILABILITY = YES_AGGRESSIVE;
				CLANG_WARN_UNREACHABLE_CODE = YES;
				CLANG_WARN__DUPLICATE_METHOD_MATCH = YES;
				CODE_SIGN_IDENTITY = "iPhone Developer";
				COPY_PHASE_STRIP = NO;
				DEBUG_INFORMATION_FORMAT = "dwarf-with-dsym";
				ENABLE_NS_ASSERTIONS = NO;
				ENABLE_STRICT_OBJC_MSGSEND = YES;
				GCC_C_LANGUAGE_STANDARD = gnu11;
				GCC_NO_COMMON_BLOCKS = YES;
				GCC_WARN_64_TO_32_BIT_CONVERSION = YES;
				GCC_WARN_ABOUT_RETURN_TYPE = YES_ERROR;
				GCC_WARN_UNDECLARED_SELECTOR = YES;
				GCC_WARN_UNINITIALIZED_AUTOS = YES_AGGRESSIVE;
				GCC_WARN_UNUSED_FUNCTION = YES;
				GCC_WARN_UNUSED_VARIABLE = YES;
				IPHONEOS_DEPLOYMENT_TARGET = 11.0;
				MTL_ENABLE_DEBUG_INFO = NO;
				SDKROOT = iphoneos;
				SWIFT_OPTIMIZATION_LEVEL = "-Owholemodule";
				VALIDATE_PRODUCT = YES;
			};
			name = Release;
		};
		63F6614E1F9B346E0043ABCF /* Debug */ = {
			isa = XCBuildConfiguration;
			buildSettings = {
				ASSETCATALOG_COMPILER_APPICON_NAME = AppIcon;
				CODE_SIGN_STYLE = Automatic;
				DEVELOPMENT_TEAM = S8SS3476QC;
				INFOPLIST_FILE = SOPA/Info.plist;
				LD_RUNPATH_SEARCH_PATHS = "$(inherited) @executable_path/Frameworks";
				PRODUCT_BUNDLE_IDENTIFIER = de.davidschilling.SOPA;
				PRODUCT_NAME = "$(TARGET_NAME)";
				SWIFT_VERSION = 4.0;
				TARGETED_DEVICE_FAMILY = "1,2";
			};
			name = Debug;
		};
		63F6614F1F9B346E0043ABCF /* Release */ = {
			isa = XCBuildConfiguration;
			buildSettings = {
				ASSETCATALOG_COMPILER_APPICON_NAME = AppIcon;
				CODE_SIGN_STYLE = Automatic;
				DEVELOPMENT_TEAM = S8SS3476QC;
				INFOPLIST_FILE = SOPA/Info.plist;
				LD_RUNPATH_SEARCH_PATHS = "$(inherited) @executable_path/Frameworks";
				PRODUCT_BUNDLE_IDENTIFIER = de.davidschilling.SOPA;
				PRODUCT_NAME = "$(TARGET_NAME)";
				SWIFT_VERSION = 4.0;
				TARGETED_DEVICE_FAMILY = "1,2";
			};
			name = Release;
		};
		63F661511F9B346E0043ABCF /* Debug */ = {
			isa = XCBuildConfiguration;
			buildSettings = {
				ALWAYS_EMBED_SWIFT_STANDARD_LIBRARIES = YES;
				BUNDLE_LOADER = "$(TEST_HOST)";
				CODE_SIGN_STYLE = Automatic;
				DEVELOPMENT_TEAM = S8SS3476QC;
				INFOPLIST_FILE = SOPATests/Info.plist;
				LD_RUNPATH_SEARCH_PATHS = "$(inherited) @executable_path/Frameworks @loader_path/Frameworks";
				PRODUCT_BUNDLE_IDENTIFIER = de.davidschilling.SOPATests;
				PRODUCT_NAME = "$(TARGET_NAME)";
				SWIFT_VERSION = 4.0;
				TARGETED_DEVICE_FAMILY = "1,2";
				TEST_HOST = "$(BUILT_PRODUCTS_DIR)/SOPA.app/SOPA";
			};
			name = Debug;
		};
		63F661521F9B346E0043ABCF /* Release */ = {
			isa = XCBuildConfiguration;
			buildSettings = {
				ALWAYS_EMBED_SWIFT_STANDARD_LIBRARIES = YES;
				BUNDLE_LOADER = "$(TEST_HOST)";
				CODE_SIGN_STYLE = Automatic;
				DEVELOPMENT_TEAM = S8SS3476QC;
				INFOPLIST_FILE = SOPATests/Info.plist;
				LD_RUNPATH_SEARCH_PATHS = "$(inherited) @executable_path/Frameworks @loader_path/Frameworks";
				PRODUCT_BUNDLE_IDENTIFIER = de.davidschilling.SOPATests;
				PRODUCT_NAME = "$(TARGET_NAME)";
				SWIFT_VERSION = 4.0;
				TARGETED_DEVICE_FAMILY = "1,2";
				TEST_HOST = "$(BUILT_PRODUCTS_DIR)/SOPA.app/SOPA";
			};
			name = Release;
		};
/* End XCBuildConfiguration section */

/* Begin XCConfigurationList section */
		63F6611A1F9B346E0043ABCF /* Build configuration list for PBXProject "SOPA" */ = {
			isa = XCConfigurationList;
			buildConfigurations = (
				63F6614B1F9B346E0043ABCF /* Debug */,
				63F6614C1F9B346E0043ABCF /* Release */,
			);
			defaultConfigurationIsVisible = 0;
			defaultConfigurationName = Release;
		};
		63F6614D1F9B346E0043ABCF /* Build configuration list for PBXNativeTarget "SOPA" */ = {
			isa = XCConfigurationList;
			buildConfigurations = (
				63F6614E1F9B346E0043ABCF /* Debug */,
				63F6614F1F9B346E0043ABCF /* Release */,
			);
			defaultConfigurationIsVisible = 0;
			defaultConfigurationName = Release;
		};
		63F661501F9B346E0043ABCF /* Build configuration list for PBXNativeTarget "SOPATests" */ = {
			isa = XCConfigurationList;
			buildConfigurations = (
				63F661511F9B346E0043ABCF /* Debug */,
				63F661521F9B346E0043ABCF /* Release */,
			);
			defaultConfigurationIsVisible = 0;
			defaultConfigurationName = Release;
		};
/* End XCConfigurationList section */
	};
	rootObject = 63F661171F9B346E0043ABCF /* Project object */;
}
